
Microsoft Visual Studio Solution File, Format Version 12.00
# Visual Studio Version 17
VisualStudioVersion = 17.5.002.0
MinimumVisualStudioVersion = 10.0.40219.1
Project("{9A19103F-16F7-4668-BE54-9A1E7A4F7556}") = "theFinale", "theFinale.csproj", "{28D70C11-4F80-4664-AEB6-C2C7E18B35C1}"
EndProject
Global
	GlobalSection(SolutionConfigurationPlatforms) = preSolution
		Debug|Any CPU = Debug|Any CPU
		Release|Any CPU = Release|Any CPU
	EndGlobalSection
	GlobalSection(ProjectConfigurationPlatforms) = postSolution
		{28D70C11-4F80-4664-AEB6-C2C7E18B35C1}.Debug|Any CPU.ActiveCfg = Debug|Any CPU
		{28D70C11-4F80-4664-AEB6-C2C7E18B35C1}.Debug|Any CPU.Build.0 = Debug|Any CPU
		{28D70C11-4F80-4664-AEB6-C2C7E18B35C1}.Release|Any CPU.ActiveCfg = Release|Any CPU
		{28D70C11-4F80-4664-AEB6-C2C7E18B35C1}.Release|Any CPU.Build.0 = Release|Any CPU
	EndGlobalSection
	GlobalSection(SolutionProperties) = preSolution
		HideSolutionNode = FALSE
	EndGlobalSection
	GlobalSection(ExtensibilityGlobals) = postSolution
		SolutionGuid = {5CCA2FB2-D571-4045-94CB-D376FDA58BA9}
	EndGlobalSection
EndGlobal
